
Microsoft Visual Studio Solution File, Format Version 12.00
# Visual Studio Version 17
VisualStudioVersion = 17.4.32804.182
MinimumVisualStudioVersion = 10.0.40219.1
Project("{FAE04EC0-301F-11D3-BF4B-00C04F79EFBC}") = "PokerRange", "pokerrange\PokerRange.csproj", "{3416011E-6D30-493D-BF39-67E68A13F60E}"
EndProject
Global
	GlobalSection(SolutionConfigurationPlatforms) = preSolution
		Debug|Any CPU = Debug|Any CPU
		Release|Any CPU = Release|Any CPU
	EndGlobalSection
	GlobalSection(ProjectConfigurationPlatforms) = postSolution
		{3416011E-6D30-493D-BF39-67E68A13F60E}.Debug|Any CPU.ActiveCfg = Debug|Any CPU
		{3416011E-6D30-493D-BF39-67E68A13F60E}.Debug|Any CPU.Build.0 = Debug|Any CPU
		{3416011E-6D30-493D-BF39-67E68A13F60E}.Release|Any CPU.ActiveCfg = Release|Any CPU
		{3416011E-6D30-493D-BF39-67E68A13F60E}.Release|Any CPU.Build.0 = Release|Any CPU
	EndGlobalSection
	GlobalSection(SolutionProperties) = preSolution
		HideSolutionNode = FALSE
	EndGlobalSection
	GlobalSection(ExtensibilityGlobals) = postSolution
		SolutionGuid = {421ACB95-8706-41B2-BEE5-5B41887C3310}
	EndGlobalSection
EndGlobal
